
Microsoft Visual Studio Solution File, Format Version 12.00
# Visual Studio Version 16
VisualStudioVersion = 16.0.31624.102
MinimumVisualStudioVersion = 10.0.40219.1
Project("{FAE04EC0-301F-11D3-BF4B-00C04F79EFBC}") = "AdministratorConsole", "AdministratorConsole\AdministratorConsole.csproj", "{F24C7343-1F1F-4E68-8D06-C7F7821E4BD2}"
EndProject
Project("{FAE04EC0-301F-11D3-BF4B-00C04F79EFBC}") = "BankOne", "BankOne\BankOne.csproj", "{AC87669F-B601-4DFA-A64D-324BE822357F}"
EndProject
Project("{FAE04EC0-301F-11D3-BF4B-00C04F79EFBC}") = "VCardsMiddleware", "VCardsMiddleware\VCardsMiddleware.csproj", "{700B8063-AD46-4632-A797-300552E70552}"
EndProject
Project("{FAE04EC0-301F-11D3-BF4B-00C04F79EFBC}") = "BankTwo", "BankTwo\BankTwo.csproj", "{B6B1D23D-1547-4AEE-9B01-EE076F04BBD4}"
EndProject
Global
	GlobalSection(SolutionConfigurationPlatforms) = preSolution
		Debug|Any CPU = Debug|Any CPU
		Release|Any CPU = Release|Any CPU
	EndGlobalSection
	GlobalSection(ProjectConfigurationPlatforms) = postSolution
		{F24C7343-1F1F-4E68-8D06-C7F7821E4BD2}.Debug|Any CPU.ActiveCfg = Debug|Any CPU
		{F24C7343-1F1F-4E68-8D06-C7F7821E4BD2}.Debug|Any CPU.Build.0 = Debug|Any CPU
		{F24C7343-1F1F-4E68-8D06-C7F7821E4BD2}.Release|Any CPU.ActiveCfg = Release|Any CPU
		{F24C7343-1F1F-4E68-8D06-C7F7821E4BD2}.Release|Any CPU.Build.0 = Release|Any CPU
		{AC87669F-B601-4DFA-A64D-324BE822357F}.Debug|Any CPU.ActiveCfg = Debug|Any CPU
		{AC87669F-B601-4DFA-A64D-324BE822357F}.Debug|Any CPU.Build.0 = Debug|Any CPU
		{AC87669F-B601-4DFA-A64D-324BE822357F}.Release|Any CPU.ActiveCfg = Release|Any CPU
		{AC87669F-B601-4DFA-A64D-324BE822357F}.Release|Any CPU.Build.0 = Release|Any CPU
		{700B8063-AD46-4632-A797-300552E70552}.Debug|Any CPU.ActiveCfg = Debug|Any CPU
		{700B8063-AD46-4632-A797-300552E70552}.Debug|Any CPU.Build.0 = Debug|Any CPU
		{700B8063-AD46-4632-A797-300552E70552}.Release|Any CPU.ActiveCfg = Release|Any CPU
		{700B8063-AD46-4632-A797-300552E70552}.Release|Any CPU.Build.0 = Release|Any CPU
		{B6B1D23D-1547-4AEE-9B01-EE076F04BBD4}.Debug|Any CPU.ActiveCfg = Debug|Any CPU
		{B6B1D23D-1547-4AEE-9B01-EE076F04BBD4}.Debug|Any CPU.Build.0 = Debug|Any CPU
		{B6B1D23D-1547-4AEE-9B01-EE076F04BBD4}.Release|Any CPU.ActiveCfg = Release|Any CPU
		{B6B1D23D-1547-4AEE-9B01-EE076F04BBD4}.Release|Any CPU.Build.0 = Release|Any CPU
	EndGlobalSection
	GlobalSection(SolutionProperties) = preSolution
		HideSolutionNode = FALSE
	EndGlobalSection
	GlobalSection(ExtensibilityGlobals) = postSolution
		SolutionGuid = {6A4690F2-7FEE-44AA-94AD-B92E26F9817B}
	EndGlobalSection
EndGlobal
